
Microsoft Visual Studio Solution File, Format Version 12.00
# Visual Studio Version 16
VisualStudioVersion = 16.0.30907.101
MinimumVisualStudioVersion = 10.0.40219.1
Project("{FAE04EC0-301F-11D3-BF4B-00C04F79EFBC}") = "OrnekProje", "OrnekProje.csproj", "{EC09D2DD-0831-4FDD-882F-895D7023BFCD}"
EndProject
Global
	GlobalSection(SolutionConfigurationPlatforms) = preSolution
		Debug|Any CPU = Debug|Any CPU
		Release|Any CPU = Release|Any CPU
	EndGlobalSection
	GlobalSection(ProjectConfigurationPlatforms) = postSolution
		{EC09D2DD-0831-4FDD-882F-895D7023BFCD}.Debug|Any CPU.ActiveCfg = Debug|Any CPU
		{EC09D2DD-0831-4FDD-882F-895D7023BFCD}.Debug|Any CPU.Build.0 = Debug|Any CPU
		{EC09D2DD-0831-4FDD-882F-895D7023BFCD}.Release|Any CPU.ActiveCfg = Release|Any CPU
		{EC09D2DD-0831-4FDD-882F-895D7023BFCD}.Release|Any CPU.Build.0 = Release|Any CPU
	EndGlobalSection
	GlobalSection(SolutionProperties) = preSolution
		HideSolutionNode = FALSE
	EndGlobalSection
	GlobalSection(ExtensibilityGlobals) = postSolution
		SolutionGuid = {14923B35-D54A-45EA-9540-EE15103402C3}
	EndGlobalSection
EndGlobal
